
Microsoft Visual Studio Solution File, Format Version 12.00
# Visual Studio Version 17
VisualStudioVersion = 17.5.33530.505
MinimumVisualStudioVersion = 10.0.40219.1
Project("{FAE04EC0-301F-11D3-BF4B-00C04F79EFBC}") = "CryptoPasswordBruteforce", "CryptoPasswordBruteforce.csproj", "{281C527C-5992-48A8-AD89-B7864EAB8D2B}"
EndProject
Global
	GlobalSection(SolutionConfigurationPlatforms) = preSolution
		Debug|Any CPU = Debug|Any CPU
		Release|Any CPU = Release|Any CPU
	EndGlobalSection
	GlobalSection(ProjectConfigurationPlatforms) = postSolution
		{281C527C-5992-48A8-AD89-B7864EAB8D2B}.Debug|Any CPU.ActiveCfg = Debug|Any CPU
		{281C527C-5992-48A8-AD89-B7864EAB8D2B}.Debug|Any CPU.Build.0 = Debug|Any CPU
		{281C527C-5992-48A8-AD89-B7864EAB8D2B}.Release|Any CPU.ActiveCfg = Release|Any CPU
		{281C527C-5992-48A8-AD89-B7864EAB8D2B}.Release|Any CPU.Build.0 = Release|Any CPU
	EndGlobalSection
	GlobalSection(SolutionProperties) = preSolution
		HideSolutionNode = FALSE
	EndGlobalSection
	GlobalSection(ExtensibilityGlobals) = postSolution
		SolutionGuid = {11B5264A-FBB1-45ED-AE65-87B1CBD8DC71}
	EndGlobalSection
EndGlobal
